
Microsoft Visual Studio Solution File, Format Version 12.00
# Visual Studio Version 16
VisualStudioVersion = 16.0.31313.79
MinimumVisualStudioVersion = 10.0.40219.1
Project("{9A19103F-16F7-4668-BE54-9A1E7A4F7556}") = "ConsoleSignalRServer", "ConsoleSignalRServer\ConsoleSignalRServer.csproj", "{1241C61E-03A1-460A-B983-0EBBCE8ABFDF}"
EndProject
Project("{FAE04EC0-301F-11D3-BF4B-00C04F79EFBC}") = "ConsoleSignalRClient", "ConsoleSignalRClient\ConsoleSignalRClient.csproj", "{164567D7-7E6B-4C6F-933E-661CF9E50169}"
EndProject
Global
	GlobalSection(SolutionConfigurationPlatforms) = preSolution
		Debug|Any CPU = Debug|Any CPU
		Release|Any CPU = Release|Any CPU
	EndGlobalSection
	GlobalSection(ProjectConfigurationPlatforms) = postSolution
		{1241C61E-03A1-460A-B983-0EBBCE8ABFDF}.Debug|Any CPU.ActiveCfg = Debug|Any CPU
		{1241C61E-03A1-460A-B983-0EBBCE8ABFDF}.Debug|Any CPU.Build.0 = Debug|Any CPU
		{1241C61E-03A1-460A-B983-0EBBCE8ABFDF}.Release|Any CPU.ActiveCfg = Release|Any CPU
		{1241C61E-03A1-460A-B983-0EBBCE8ABFDF}.Release|Any CPU.Build.0 = Release|Any CPU
		{164567D7-7E6B-4C6F-933E-661CF9E50169}.Debug|Any CPU.ActiveCfg = Debug|Any CPU
		{164567D7-7E6B-4C6F-933E-661CF9E50169}.Debug|Any CPU.Build.0 = Debug|Any CPU
		{164567D7-7E6B-4C6F-933E-661CF9E50169}.Release|Any CPU.ActiveCfg = Release|Any CPU
		{164567D7-7E6B-4C6F-933E-661CF9E50169}.Release|Any CPU.Build.0 = Release|Any CPU
	EndGlobalSection
	GlobalSection(SolutionProperties) = preSolution
		HideSolutionNode = FALSE
	EndGlobalSection
	GlobalSection(ExtensibilityGlobals) = postSolution
		SolutionGuid = {84565E53-E4DB-47AB-A999-2B78B99C4EF0}
	EndGlobalSection
EndGlobal
